// !$*UTF8*$!
{
	archiveVersion = 1;
	classes = {
	};
	objectVersion = 50;
	objects = {

/* Begin PBXBuildFile section */
		39F1F3EA08D820691E932C75 /* Pods_Fun.framework in Frameworks */ = {isa = PBXBuildFile; fileRef = 4EDD21CFA9850D472F8BAC84 /* Pods_Fun.framework */; };
		50198ADE220CAB4600A09624 /* SwipeTransition.framework in Frameworks */ = {isa = PBXBuildFile; fileRef = 50198ADD220CAB4600A09624 /* SwipeTransition.framework */; };
		50198AE0220CAB4600A09624 /* SwipeTransitionAutoSwipeBack.framework in Frameworks */ = {isa = PBXBuildFile; fileRef = 50198ADF220CAB4600A09624 /* SwipeTransitionAutoSwipeBack.framework */; };
		50198AE2220CAB4600A09624 /* SwipeTransitionAutoSwipeToDismiss.framework in Frameworks */ = {isa = PBXBuildFile; fileRef = 50198AE1220CAB4600A09624 /* SwipeTransitionAutoSwipeToDismiss.framework */; };
		50198AE4220CDF5400A09624 /* CustomDownloadManager.swift in Sources */ = {isa = PBXBuildFile; fileRef = 50198AE3220CDF5400A09624 /* CustomDownloadManager.swift */; };
		5027281821CE7B63009CE1D0 /* ShowApi.swift in Sources */ = {isa = PBXBuildFile; fileRef = 5027281721CE7B63009CE1D0 /* ShowApi.swift */; };
		5027281D21CE8ACB009CE1D0 /* ShowTableViewController.swift in Sources */ = {isa = PBXBuildFile; fileRef = 5027281B21CE8ACB009CE1D0 /* ShowTableViewController.swift */; };
		50A9E19621CAA1E8009EC154 /* AppDelegate.swift in Sources */ = {isa = PBXBuildFile; fileRef = 50A9E19521CAA1E8009EC154 /* AppDelegate.swift */; };
		50A9E19821CAA1E8009EC154 /* ViewController.swift in Sources */ = {isa = PBXBuildFile; fileRef = 50A9E19721CAA1E8009EC154 /* ViewController.swift */; };
		50A9E19B21CAA1E8009EC154 /* Main.storyboard in Resources */ = {isa = PBXBuildFile; fileRef = 50A9E19921CAA1E8009EC154 /* Main.storyboard */; };
		50A9E19D21CAA1EB009EC154 /* Assets.xcassets in Resources */ = {isa = PBXBuildFile; fileRef = 50A9E19C21CAA1EB009EC154 /* Assets.xcassets */; };
		50A9E1A021CAA1EB009EC154 /* LaunchScreen.storyboard in Resources */ = {isa = PBXBuildFile; fileRef = 50A9E19E21CAA1EB009EC154 /* LaunchScreen.storyboard */; };
		50A9E1AB21CAA1EB009EC154 /* FunTests.swift in Sources */ = {isa = PBXBuildFile; fileRef = 50A9E1AA21CAA1EB009EC154 /* FunTests.swift */; };
		50A9E1B621CAA1EB009EC154 /* FunUITests.swift in Sources */ = {isa = PBXBuildFile; fileRef = 50A9E1B521CAA1EB009EC154 /* FunUITests.swift */; };
		50A9E1C421CAB156009EC154 /* VideoJson.swift in Sources */ = {isa = PBXBuildFile; fileRef = 50A9E1C321CAB156009EC154 /* VideoJson.swift */; };
		50D1CF9721CEA71C002ED91D /* EpisodeViewController.swift in Sources */ = {isa = PBXBuildFile; fileRef = 50D1CF9621CEA71C002ED91D /* EpisodeViewController.swift */; };
		5DA4BD309E889C03C7B823F1 /* Pods_FunTests.framework in Frameworks */ = {isa = PBXBuildFile; fileRef = 16C22AD39635C818AEE0EFF7 /* Pods_FunTests.framework */; };
		7F30D19BA4D53C1F0059851F /* Pods_FunUITests.framework in Frameworks */ = {isa = PBXBuildFile; fileRef = 1D4123CE997589EABAB40480 /* Pods_FunUITests.framework */; };
/* End PBXBuildFile section */

/* Begin PBXContainerItemProxy section */
		50A9E1A721CAA1EB009EC154 /* PBXContainerItemProxy */ = {
			isa = PBXContainerItemProxy;
			containerPortal = 50A9E18A21CAA1E8009EC154 /* Project object */;
			proxyType = 1;
			remoteGlobalIDString = 50A9E19121CAA1E8009EC154;
			remoteInfo = Fun;
		};
		50A9E1B221CAA1EB009EC154 /* PBXContainerItemProxy */ = {
			isa = PBXContainerItemProxy;
			containerPortal = 50A9E18A21CAA1E8009EC154 /* Project object */;
			proxyType = 1;
			remoteGlobalIDString = 50A9E19121CAA1E8009EC154;
			remoteInfo = Fun;
		};
/* End PBXContainerItemProxy section */

/* Begin PBXFileReference section */
		16C22AD39635C818AEE0EFF7 /* Pods_FunTests.framework */ = {isa = PBXFileReference; explicitFileType = wrapper.framework; includeInIndex = 0; path = Pods_FunTests.framework; sourceTree = BUILT_PRODUCTS_DIR; };
		1D4123CE997589EABAB40480 /* Pods_FunUITests.framework */ = {isa = PBXFileReference; explicitFileType = wrapper.framework; includeInIndex = 0; path = Pods_FunUITests.framework; sourceTree = BUILT_PRODUCTS_DIR; };
		38A8290338E217D22EAAFDF1 /* Pods-Fun.release.xcconfig */ = {isa = PBXFileReference; includeInIndex = 1; lastKnownFileType = text.xcconfig; name = "Pods-Fun.release.xcconfig"; path = "Pods/Target Support Files/Pods-Fun/Pods-Fun.release.xcconfig"; sourceTree = "<group>"; };
		4589441F5C511D2BCE5C2ED8 /* Pods-FunUITests.debug.xcconfig */ = {isa = PBXFileReference; includeInIndex = 1; lastKnownFileType = text.xcconfig; name = "Pods-FunUITests.debug.xcconfig"; path = "Pods/Target Support Files/Pods-FunUITests/Pods-FunUITests.debug.xcconfig"; sourceTree = "<group>"; };
		4EDD21CFA9850D472F8BAC84 /* Pods_Fun.framework */ = {isa = PBXFileReference; explicitFileType = wrapper.framework; includeInIndex = 0; path = Pods_Fun.framework; sourceTree = BUILT_PRODUCTS_DIR; };
		50198ADD220CAB4600A09624 /* SwipeTransition.framework */ = {isa = PBXFileReference; explicitFileType = wrapper.framework; path = SwipeTransition.framework; sourceTree = BUILT_PRODUCTS_DIR; };
		50198ADF220CAB4600A09624 /* SwipeTransitionAutoSwipeBack.framework */ = {isa = PBXFileReference; explicitFileType = wrapper.framework; path = SwipeTransitionAutoSwipeBack.framework; sourceTree = BUILT_PRODUCTS_DIR; };
		50198AE1220CAB4600A09624 /* SwipeTransitionAutoSwipeToDismiss.framework */ = {isa = PBXFileReference; explicitFileType = wrapper.framework; path = SwipeTransitionAutoSwipeToDismiss.framework; sourceTree = BUILT_PRODUCTS_DIR; };
		50198AE3220CDF5400A09624 /* CustomDownloadManager.swift */ = {isa = PBXFileReference; lastKnownFileType = sourcecode.swift; path = CustomDownloadManager.swift; sourceTree = "<group>"; };
		50198AE52212154100A09624 /* Fun.entitlements */ = {isa = PBXFileReference; lastKnownFileType = text.plist.entitlements; path = Fun.entitlements; sourceTree = "<group>"; };
		5027281721CE7B63009CE1D0 /* ShowApi.swift */ = {isa = PBXFileReference; lastKnownFileType = sourcecode.swift; path = ShowApi.swift; sourceTree = "<group>"; };
		5027281B21CE8ACB009CE1D0 /* ShowTableViewController.swift */ = {isa = PBXFileReference; lastKnownFileType = sourcecode.swift; path = ShowTableViewController.swift; sourceTree = "<group>"; };
		50A9E19221CAA1E8009EC154 /* Fun.app */ = {isa = PBXFileReference; explicitFileType = wrapper.application; includeInIndex = 0; path = Fun.app; sourceTree = BUILT_PRODUCTS_DIR; };
		50A9E19521CAA1E8009EC154 /* AppDelegate.swift */ = {isa = PBXFileReference; lastKnownFileType = sourcecode.swift; path = AppDelegate.swift; sourceTree = "<group>"; };
		50A9E19721CAA1E8009EC154 /* ViewController.swift */ = {isa = PBXFileReference; lastKnownFileType = sourcecode.swift; path = ViewController.swift; sourceTree = "<group>"; };
		50A9E19A21CAA1E8009EC154 /* Base */ = {isa = PBXFileReference; lastKnownFileType = file.storyboard; name = Base; path = Base.lproj/Main.storyboard; sourceTree = "<group>"; };
		50A9E19C21CAA1EB009EC154 /* Assets.xcassets */ = {isa = PBXFileReference; lastKnownFileType = folder.assetcatalog; path = Assets.xcassets; sourceTree = "<group>"; };
		50A9E19F21CAA1EB009EC154 /* Base */ = {isa = PBXFileReference; lastKnownFileType = file.storyboard; name = Base; path = Base.lproj/LaunchScreen.storyboard; sourceTree = "<group>"; };
		50A9E1A121CAA1EB009EC154 /* Info.plist */ = {isa = PBXFileReference; lastKnownFileType = text.plist.xml; path = Info.plist; sourceTree = "<group>"; };
		50A9E1A621CAA1EB009EC154 /* FunTests.xctest */ = {isa = PBXFileReference; explicitFileType = wrapper.cfbundle; includeInIndex = 0; path = FunTests.xctest; sourceTree = BUILT_PRODUCTS_DIR; };
		50A9E1AA21CAA1EB009EC154 /* FunTests.swift */ = {isa = PBXFileReference; lastKnownFileType = sourcecode.swift; path = FunTests.swift; sourceTree = "<group>"; };
		50A9E1AC21CAA1EB009EC154 /* Info.plist */ = {isa = PBXFileReference; lastKnownFileType = text.plist.xml; path = Info.plist; sourceTree = "<group>"; };
		50A9E1B121CAA1EB009EC154 /* FunUITests.xctest */ = {isa = PBXFileReference; explicitFileType = wrapper.cfbundle; includeInIndex = 0; path = FunUITests.xctest; sourceTree = BUILT_PRODUCTS_DIR; };
		50A9E1B521CAA1EB009EC154 /* FunUITests.swift */ = {isa = PBXFileReference; lastKnownFileType = sourcecode.swift; path = FunUITests.swift; sourceTree = "<group>"; };
		50A9E1B721CAA1EB009EC154 /* Info.plist */ = {isa = PBXFileReference; lastKnownFileType = text.plist.xml; path = Info.plist; sourceTree = "<group>"; };
		50A9E1C321CAB156009EC154 /* VideoJson.swift */ = {isa = PBXFileReference; lastKnownFileType = sourcecode.swift; path = VideoJson.swift; sourceTree = "<group>"; };
		50D1CF9621CEA71C002ED91D /* EpisodeViewController.swift */ = {isa = PBXFileReference; lastKnownFileType = sourcecode.swift; path = EpisodeViewController.swift; sourceTree = "<group>"; };
		717F930C67424DE19E08D95A /* Pods-FunTests.release.xcconfig */ = {isa = PBXFileReference; includeInIndex = 1; lastKnownFileType = text.xcconfig; name = "Pods-FunTests.release.xcconfig"; path = "Pods/Target Support Files/Pods-FunTests/Pods-FunTests.release.xcconfig"; sourceTree = "<group>"; };
		84516C7DECF11793C646FD48 /* Pods-FunUITests.release.xcconfig */ = {isa = PBXFileReference; includeInIndex = 1; lastKnownFileType = text.xcconfig; name = "Pods-FunUITests.release.xcconfig"; path = "Pods/Target Support Files/Pods-FunUITests/Pods-FunUITests.release.xcconfig"; sourceTree = "<group>"; };
		97B5AA2B6486D56C0268A628 /* Pods-Fun.debug.xcconfig */ = {isa = PBXFileReference; includeInIndex = 1; lastKnownFileType = text.xcconfig; name = "Pods-Fun.debug.xcconfig"; path = "Pods/Target Support Files/Pods-Fun/Pods-Fun.debug.xcconfig"; sourceTree = "<group>"; };
		E8F0ED708E482DF32FB1CDF5 /* Pods-FunTests.debug.xcconfig */ = {isa = PBXFileReference; includeInIndex = 1; lastKnownFileType = text.xcconfig; name = "Pods-FunTests.debug.xcconfig"; path = "Pods/Target Support Files/Pods-FunTests/Pods-FunTests.debug.xcconfig"; sourceTree = "<group>"; };
/* End PBXFileReference section */

/* Begin PBXFrameworksBuildPhase section */
		50A9E18F21CAA1E8009EC154 /* Frameworks */ = {
			isa = PBXFrameworksBuildPhase;
			buildActionMask = 2147483647;
			files = (
				50198ADE220CAB4600A09624 /* SwipeTransition.framework in Frameworks */,
				50198AE0220CAB4600A09624 /* SwipeTransitionAutoSwipeBack.framework in Frameworks */,
				50198AE2220CAB4600A09624 /* SwipeTransitionAutoSwipeToDismiss.framework in Frameworks */,
				39F1F3EA08D820691E932C75 /* Pods_Fun.framework in Frameworks */,
			);
			runOnlyForDeploymentPostprocessing = 0;
		};
		50A9E1A321CAA1EB009EC154 /* Frameworks */ = {
			isa = PBXFrameworksBuildPhase;
			buildActionMask = 2147483647;
			files = (
				5DA4BD309E889C03C7B823F1 /* Pods_FunTests.framework in Frameworks */,
			);
			runOnlyForDeploymentPostprocessing = 0;
		};
		50A9E1AE21CAA1EB009EC154 /* Frameworks */ = {
			isa = PBXFrameworksBuildPhase;
			buildActionMask = 2147483647;
			files = (
				7F30D19BA4D53C1F0059851F /* Pods_FunUITests.framework in Frameworks */,
			);
			runOnlyForDeploymentPostprocessing = 0;
		};
/* End PBXFrameworksBuildPhase section */

/* Begin PBXGroup section */
		3A6DD3FE6F3489FC704A5B12 /* Frameworks */ = {
			isa = PBXGroup;
			children = (
				50198ADD220CAB4600A09624 /* SwipeTransition.framework */,
				50198ADF220CAB4600A09624 /* SwipeTransitionAutoSwipeBack.framework */,
				50198AE1220CAB4600A09624 /* SwipeTransitionAutoSwipeToDismiss.framework */,
				4EDD21CFA9850D472F8BAC84 /* Pods_Fun.framework */,
				16C22AD39635C818AEE0EFF7 /* Pods_FunTests.framework */,
				1D4123CE997589EABAB40480 /* Pods_FunUITests.framework */,
			);
			name = Frameworks;
			sourceTree = "<group>";
		};
		50A9E18921CAA1E8009EC154 = {
			isa = PBXGroup;
			children = (
				50A9E19421CAA1E8009EC154 /* Fun */,
				50A9E1A921CAA1EB009EC154 /* FunTests */,
				50A9E1B421CAA1EB009EC154 /* FunUITests */,
				50A9E19321CAA1E8009EC154 /* Products */,
				9B89B25F1FE3BFC5E3F8C69B /* Pods */,
				3A6DD3FE6F3489FC704A5B12 /* Frameworks */,
			);
			sourceTree = "<group>";
		};
		50A9E19321CAA1E8009EC154 /* Products */ = {
			isa = PBXGroup;
			children = (
				50A9E19221CAA1E8009EC154 /* Fun.app */,
				50A9E1A621CAA1EB009EC154 /* FunTests.xctest */,
				50A9E1B121CAA1EB009EC154 /* FunUITests.xctest */,
			);
			name = Products;
			sourceTree = "<group>";
		};
		50A9E19421CAA1E8009EC154 /* Fun */ = {
			isa = PBXGroup;
			children = (
				50198AE52212154100A09624 /* Fun.entitlements */,
				50A9E19521CAA1E8009EC154 /* AppDelegate.swift */,
				50A9E19721CAA1E8009EC154 /* ViewController.swift */,
				50A9E1C321CAB156009EC154 /* VideoJson.swift */,
				5027281721CE7B63009CE1D0 /* ShowApi.swift */,
				50A9E19921CAA1E8009EC154 /* Main.storyboard */,
				5027281B21CE8ACB009CE1D0 /* ShowTableViewController.swift */,
				50198AE3220CDF5400A09624 /* CustomDownloadManager.swift */,
				50D1CF9621CEA71C002ED91D /* EpisodeViewController.swift */,
				50A9E19C21CAA1EB009EC154 /* Assets.xcassets */,
				50A9E19E21CAA1EB009EC154 /* LaunchScreen.storyboard */,
				50A9E1A121CAA1EB009EC154 /* Info.plist */,
			);
			path = Fun;
			sourceTree = "<group>";
		};
		50A9E1A921CAA1EB009EC154 /* FunTests */ = {
			isa = PBXGroup;
			children = (
				50A9E1AA21CAA1EB009EC154 /* FunTests.swift */,
				50A9E1AC21CAA1EB009EC154 /* Info.plist */,
			);
			path = FunTests;
			sourceTree = "<group>";
		};
		50A9E1B421CAA1EB009EC154 /* FunUITests */ = {
			isa = PBXGroup;
			children = (
				50A9E1B521CAA1EB009EC154 /* FunUITests.swift */,
				50A9E1B721CAA1EB009EC154 /* Info.plist */,
			);
			path = FunUITests;
			sourceTree = "<group>";
		};
		9B89B25F1FE3BFC5E3F8C69B /* Pods */ = {
			isa = PBXGroup;
			children = (
				97B5AA2B6486D56C0268A628 /* Pods-Fun.debug.xcconfig */,
				38A8290338E217D22EAAFDF1 /* Pods-Fun.release.xcconfig */,
				E8F0ED708E482DF32FB1CDF5 /* Pods-FunTests.debug.xcconfig */,
				717F930C67424DE19E08D95A /* Pods-FunTests.release.xcconfig */,
				4589441F5C511D2BCE5C2ED8 /* Pods-FunUITests.debug.xcconfig */,
				84516C7DECF11793C646FD48 /* Pods-FunUITests.release.xcconfig */,
			);
			name = Pods;
			sourceTree = "<group>";
		};
/* End PBXGroup section */

/* Begin PBXNativeTarget section */
		50A9E19121CAA1E8009EC154 /* Fun */ = {
			isa = PBXNativeTarget;
			buildConfigurationList = 50A9E1BA21CAA1EB009EC154 /* Build configuration list for PBXNativeTarget "Fun" */;
			buildPhases = (
				D45D38775F078F8B786CB445 /* [CP] Check Pods Manifest.lock */,
				50A9E18E21CAA1E8009EC154 /* Sources */,
				50A9E18F21CAA1E8009EC154 /* Frameworks */,
				50A9E19021CAA1E8009EC154 /* Resources */,
				1067E227735AE7EDFAC26FF4 /* [CP] Embed Pods Frameworks */,
			);
			buildRules = (
			);
			dependencies = (
			);
			name = Fun;
			productName = Fun;
			productReference = 50A9E19221CAA1E8009EC154 /* Fun.app */;
			productType = "com.apple.product-type.application";
		};
		50A9E1A521CAA1EB009EC154 /* FunTests */ = {
			isa = PBXNativeTarget;
			buildConfigurationList = 50A9E1BD21CAA1EB009EC154 /* Build configuration list for PBXNativeTarget "FunTests" */;
			buildPhases = (
				C70972B0ADFE0A646E21DDD3 /* [CP] Check Pods Manifest.lock */,
				50A9E1A221CAA1EB009EC154 /* Sources */,
				50A9E1A321CAA1EB009EC154 /* Frameworks */,
				50A9E1A421CAA1EB009EC154 /* Resources */,
			);
			buildRules = (
			);
			dependencies = (
				50A9E1A821CAA1EB009EC154 /* PBXTargetDependency */,
			);
			name = FunTests;
			productName = FunTests;
			productReference = 50A9E1A621CAA1EB009EC154 /* FunTests.xctest */;
			productType = "com.apple.product-type.bundle.unit-test";
		};
		50A9E1B021CAA1EB009EC154 /* FunUITests */ = {
			isa = PBXNativeTarget;
			buildConfigurationList = 50A9E1C021CAA1EB009EC154 /* Build configuration list for PBXNativeTarget "FunUITests" */;
			buildPhases = (
				F45B6EE33E1F2E1DE1540183 /* [CP] Check Pods Manifest.lock */,
				50A9E1AD21CAA1EB009EC154 /* Sources */,
				50A9E1AE21CAA1EB009EC154 /* Frameworks */,
				50A9E1AF21CAA1EB009EC154 /* Resources */,
			);
			buildRules = (
			);
			dependencies = (
				50A9E1B321CAA1EB009EC154 /* PBXTargetDependency */,
			);
			name = FunUITests;
			productName = FunUITests;
			productReference = 50A9E1B121CAA1EB009EC154 /* FunUITests.xctest */;
			productType = "com.apple.product-type.bundle.ui-testing";
		};
/* End PBXNativeTarget section */

/* Begin PBXProject section */
		50A9E18A21CAA1E8009EC154 /* Project object */ = {
			isa = PBXProject;
			attributes = {
				LastSwiftUpdateCheck = 1010;
				LastUpgradeCheck = 1010;
				ORGANIZATIONNAME = "Jake Rein";
				TargetAttributes = {
					50A9E19121CAA1E8009EC154 = {
						CreatedOnToolsVersion = 10.1;
						SystemCapabilities = {
							com.apple.ApplicationGroups.iOS = {
								enabled = 0;
							};
						};
					};
					50A9E1A521CAA1EB009EC154 = {
						CreatedOnToolsVersion = 10.1;
						TestTargetID = 50A9E19121CAA1E8009EC154;
					};
					50A9E1B021CAA1EB009EC154 = {
						CreatedOnToolsVersion = 10.1;
						TestTargetID = 50A9E19121CAA1E8009EC154;
					};
				};
			};
			buildConfigurationList = 50A9E18D21CAA1E8009EC154 /* Build configuration list for PBXProject "Fun" */;
			compatibilityVersion = "Xcode 9.3";
			developmentRegion = en;
			hasScannedForEncodings = 0;
			knownRegions = (
				en,
				Base,
			);
			mainGroup = 50A9E18921CAA1E8009EC154;
			productRefGroup = 50A9E19321CAA1E8009EC154 /* Products */;
			projectDirPath = "";
			projectRoot = "";
			targets = (
				50A9E19121CAA1E8009EC154 /* Fun */,
				50A9E1A521CAA1EB009EC154 /* FunTests */,
				50A9E1B021CAA1EB009EC154 /* FunUITests */,
			);
		};
/* End PBXProject section */

/* Begin PBXResourcesBuildPhase section */
		50A9E19021CAA1E8009EC154 /* Resources */ = {
			isa = PBXResourcesBuildPhase;
			buildActionMask = 2147483647;
			files = (
				50A9E1A021CAA1EB009EC154 /* LaunchScreen.storyboard in Resources */,
				50A9E19D21CAA1EB009EC154 /* Assets.xcassets in Resources */,
				50A9E19B21CAA1E8009EC154 /* Main.storyboard in Resources */,
			);
			runOnlyForDeploymentPostprocessing = 0;
		};
		50A9E1A421CAA1EB009EC154 /* Resources */ = {
			isa = PBXResourcesBuildPhase;
			buildActionMask = 2147483647;
			files = (
			);
			runOnlyForDeploymentPostprocessing = 0;
		};
		50A9E1AF21CAA1EB009EC154 /* Resources */ = {
			isa = PBXResourcesBuildPhase;
			buildActionMask = 2147483647;
			files = (
			);
			runOnlyForDeploymentPostprocessing = 0;
		};
/* End PBXResourcesBuildPhase section */

/* Begin PBXShellScriptBuildPhase section */
		1067E227735AE7EDFAC26FF4 /* [CP] Embed Pods Frameworks */ = {
			isa = PBXShellScriptBuildPhase;
			buildActionMask = 2147483647;
			files = (
			);
			inputPaths = (
				"${SRCROOT}/Pods/Target Support Files/Pods-Fun/Pods-Fun-frameworks.sh",
				"${BUILT_PRODUCTS_DIR}/ASPVideoPlayer/ASPVideoPlayer.framework",
				"${BUILT_PRODUCTS_DIR}/Alamofire/Alamofire.framework",
				"${BUILT_PRODUCTS_DIR}/Digger/Digger.framework",
				"${BUILT_PRODUCTS_DIR}/JGProgressHUD/JGProgressHUD.framework",
				"${BUILT_PRODUCTS_DIR}/Kingfisher/Kingfisher.framework",
				"${BUILT_PRODUCTS_DIR}/MZDownloadManager/MZDownloadManager.framework",
				"${BUILT_PRODUCTS_DIR}/Player/Player.framework",
				"${BUILT_PRODUCTS_DIR}/SDDownloadManager/SDDownloadManager.framework",
				"${BUILT_PRODUCTS_DIR}/SimpleCheckbox/SimpleCheckbox.framework",
				"${BUILT_PRODUCTS_DIR}/SwiftSoup/SwiftSoup.framework",
				"${BUILT_PRODUCTS_DIR}/SwipeTransition/SwipeTransition.framework",
				"${BUILT_PRODUCTS_DIR}/SwipeTransitionAutoSwipeBack/SwipeTransitionAutoSwipeBack.framework",
				"${BUILT_PRODUCTS_DIR}/SwipeTransitionAutoSwipeToDismiss/SwipeTransitionAutoSwipeToDismiss.framework",
				"${BUILT_PRODUCTS_DIR}/VeloxDownloader/VeloxDownloader.framework",
				"${BUILT_PRODUCTS_DIR}/VersaPlayer/VersaPlayer.framework",
			);
			name = "[CP] Embed Pods Frameworks";
			outputPaths = (
				"${TARGET_BUILD_DIR}/${FRAMEWORKS_FOLDER_PATH}/ASPVideoPlayer.framework",
				"${TARGET_BUILD_DIR}/${FRAMEWORKS_FOLDER_PATH}/Alamofire.framework",
				"${TARGET_BUILD_DIR}/${FRAMEWORKS_FOLDER_PATH}/Digger.framework",
				"${TARGET_BUILD_DIR}/${FRAMEWORKS_FOLDER_PATH}/JGProgressHUD.framework",
				"${TARGET_BUILD_DIR}/${FRAMEWORKS_FOLDER_PATH}/Kingfisher.framework",
				"${TARGET_BUILD_DIR}/${FRAMEWORKS_FOLDER_PATH}/MZDownloadManager.framework",
				"${TARGET_BUILD_DIR}/${FRAMEWORKS_FOLDER_PATH}/Player.framework",
				"${TARGET_BUILD_DIR}/${FRAMEWORKS_FOLDER_PATH}/SDDownloadManager.framework",
				"${TARGET_BUILD_DIR}/${FRAMEWORKS_FOLDER_PATH}/SimpleCheckbox.framework",
				"${TARGET_BUILD_DIR}/${FRAMEWORKS_FOLDER_PATH}/SwiftSoup.framework",
				"${TARGET_BUILD_DIR}/${FRAMEWORKS_FOLDER_PATH}/SwipeTransition.framework",
				"${TARGET_BUILD_DIR}/${FRAMEWORKS_FOLDER_PATH}/SwipeTransitionAutoSwipeBack.framework",
				"${TARGET_BUILD_DIR}/${FRAMEWORKS_FOLDER_PATH}/SwipeTransitionAutoSwipeToDismiss.framework",
				"${TARGET_BUILD_DIR}/${FRAMEWORKS_FOLDER_PATH}/VeloxDownloader.framework",
				"${TARGET_BUILD_DIR}/${FRAMEWORKS_FOLDER_PATH}/VersaPlayer.framework",
			);
			runOnlyForDeploymentPostprocessing = 0;
			shellPath = /bin/sh;
			shellScript = "\"${SRCROOT}/Pods/Target Support Files/Pods-Fun/Pods-Fun-frameworks.sh\"\n";
			showEnvVarsInLog = 0;
		};
		C70972B0ADFE0A646E21DDD3 /* [CP] Check Pods Manifest.lock */ = {
			isa = PBXShellScriptBuildPhase;
			buildActionMask = 2147483647;
			files = (
			);
			inputPaths = (
				"${PODS_PODFILE_DIR_PATH}/Podfile.lock",
				"${PODS_ROOT}/Manifest.lock",
			);
			name = "[CP] Check Pods Manifest.lock";
			outputPaths = (
				"$(DERIVED_FILE_DIR)/Pods-FunTests-checkManifestLockResult.txt",
			);
			runOnlyForDeploymentPostprocessing = 0;
			shellPath = /bin/sh;
			shellScript = "diff \"${PODS_PODFILE_DIR_PATH}/Podfile.lock\" \"${PODS_ROOT}/Manifest.lock\" > /dev/null\nif [ $? != 0 ] ; then\n    # print error to STDERR\n    echo \"error: The sandbox is not in sync with the Podfile.lock. Run 'pod install' or update your CocoaPods installation.\" >&2\n    exit 1\nfi\n# This output is used by Xcode 'outputs' to avoid re-running this script phase.\necho \"SUCCESS\" > \"${SCRIPT_OUTPUT_FILE_0}\"\n";
			showEnvVarsInLog = 0;
		};
		D45D38775F078F8B786CB445 /* [CP] Check Pods Manifest.lock */ = {
			isa = PBXShellScriptBuildPhase;
			buildActionMask = 2147483647;
			files = (
			);
			inputPaths = (
				"${PODS_PODFILE_DIR_PATH}/Podfile.lock",
				"${PODS_ROOT}/Manifest.lock",
			);
			name = "[CP] Check Pods Manifest.lock";
			outputPaths = (
				"$(DERIVED_FILE_DIR)/Pods-Fun-checkManifestLockResult.txt",
			);
			runOnlyForDeploymentPostprocessing = 0;
			shellPath = /bin/sh;
			shellScript = "diff \"${PODS_PODFILE_DIR_PATH}/Podfile.lock\" \"${PODS_ROOT}/Manifest.lock\" > /dev/null\nif [ $? != 0 ] ; then\n    # print error to STDERR\n    echo \"error: The sandbox is not in sync with the Podfile.lock. Run 'pod install' or update your CocoaPods installation.\" >&2\n    exit 1\nfi\n# This output is used by Xcode 'outputs' to avoid re-running this script phase.\necho \"SUCCESS\" > \"${SCRIPT_OUTPUT_FILE_0}\"\n";
			showEnvVarsInLog = 0;
		};
		F45B6EE33E1F2E1DE1540183 /* [CP] Check Pods Manifest.lock */ = {
			isa = PBXShellScriptBuildPhase;
			buildActionMask = 2147483647;
			files = (
			);
			inputPaths = (
				"${PODS_PODFILE_DIR_PATH}/Podfile.lock",
				"${PODS_ROOT}/Manifest.lock",
			);
			name = "[CP] Check Pods Manifest.lock";
			outputPaths = (
				"$(DERIVED_FILE_DIR)/Pods-FunUITests-checkManifestLockResult.txt",
			);
			runOnlyForDeploymentPostprocessing = 0;
			shellPath = /bin/sh;
			shellScript = "diff \"${PODS_PODFILE_DIR_PATH}/Podfile.lock\" \"${PODS_ROOT}/Manifest.lock\" > /dev/null\nif [ $? != 0 ] ; then\n    # print error to STDERR\n    echo \"error: The sandbox is not in sync with the Podfile.lock. Run 'pod install' or update your CocoaPods installation.\" >&2\n    exit 1\nfi\n# This output is used by Xcode 'outputs' to avoid re-running this script phase.\necho \"SUCCESS\" > \"${SCRIPT_OUTPUT_FILE_0}\"\n";
			showEnvVarsInLog = 0;
		};
/* End PBXShellScriptBuildPhase section */

/* Begin PBXSourcesBuildPhase section */
		50A9E18E21CAA1E8009EC154 /* Sources */ = {
			isa = PBXSourcesBuildPhase;
			buildActionMask = 2147483647;
			files = (
				5027281D21CE8ACB009CE1D0 /* ShowTableViewController.swift in Sources */,
				50A9E19821CAA1E8009EC154 /* ViewController.swift in Sources */,
				50A9E19621CAA1E8009EC154 /* AppDelegate.swift in Sources */,
				50A9E1C421CAB156009EC154 /* VideoJson.swift in Sources */,
				50198AE4220CDF5400A09624 /* CustomDownloadManager.swift in Sources */,
				50D1CF9721CEA71C002ED91D /* EpisodeViewController.swift in Sources */,
				5027281821CE7B63009CE1D0 /* ShowApi.swift in Sources */,
			);
			runOnlyForDeploymentPostprocessing = 0;
		};
		50A9E1A221CAA1EB009EC154 /* Sources */ = {
			isa = PBXSourcesBuildPhase;
			buildActionMask = 2147483647;
			files = (
				50A9E1AB21CAA1EB009EC154 /* FunTests.swift in Sources */,
			);
			runOnlyForDeploymentPostprocessing = 0;
		};
		50A9E1AD21CAA1EB009EC154 /* Sources */ = {
			isa = PBXSourcesBuildPhase;
			buildActionMask = 2147483647;
			files = (
				50A9E1B621CAA1EB009EC154 /* FunUITests.swift in Sources */,
			);
			runOnlyForDeploymentPostprocessing = 0;
		};
/* End PBXSourcesBuildPhase section */

/* Begin PBXTargetDependency section */
		50A9E1A821CAA1EB009EC154 /* PBXTargetDependency */ = {
			isa = PBXTargetDependency;
			target = 50A9E19121CAA1E8009EC154 /* Fun */;
			targetProxy = 50A9E1A721CAA1EB009EC154 /* PBXContainerItemProxy */;
		};
		50A9E1B321CAA1EB009EC154 /* PBXTargetDependency */ = {
			isa = PBXTargetDependency;
			target = 50A9E19121CAA1E8009EC154 /* Fun */;
			targetProxy = 50A9E1B221CAA1EB009EC154 /* PBXContainerItemProxy */;
		};
/* End PBXTargetDependency section */

/* Begin PBXVariantGroup section */
		50A9E19921CAA1E8009EC154 /* Main.storyboard */ = {
			isa = PBXVariantGroup;
			children = (
				50A9E19A21CAA1E8009EC154 /* Base */,
			);
			name = Main.storyboard;
			sourceTree = "<group>";
		};
		50A9E19E21CAA1EB009EC154 /* LaunchScreen.storyboard */ = {
			isa = PBXVariantGroup;
			children = (
				50A9E19F21CAA1EB009EC154 /* Base */,
			);
			name = LaunchScreen.storyboard;
			sourceTree = "<group>";
		};
/* End PBXVariantGroup section */

/* Begin XCBuildConfiguration section */
		50A9E1B821CAA1EB009EC154 /* Debug */ = {
			isa = XCBuildConfiguration;
			buildSettings = {
				ALWAYS_SEARCH_USER_PATHS = NO;
				CLANG_ANALYZER_NONNULL = YES;
				CLANG_ANALYZER_NUMBER_OBJECT_CONVERSION = YES_AGGRESSIVE;
				CLANG_CXX_LANGUAGE_STANDARD = "gnu++14";
				CLANG_CXX_LIBRARY = "libc++";
				CLANG_ENABLE_MODULES = YES;
				CLANG_ENABLE_OBJC_ARC = YES;
				CLANG_ENABLE_OBJC_WEAK = YES;
				CLANG_WARN_BLOCK_CAPTURE_AUTORELEASING = YES;
				CLANG_WARN_BOOL_CONVERSION = YES;
				CLANG_WARN_COMMA = YES;
				CLANG_WARN_CONSTANT_CONVERSION = YES;
				CLANG_WARN_DEPRECATED_OBJC_IMPLEMENTATIONS = YES;
				CLANG_WARN_DIRECT_OBJC_ISA_USAGE = YES_ERROR;
				CLANG_WARN_DOCUMENTATION_COMMENTS = YES;
				CLANG_WARN_EMPTY_BODY = YES;
				CLANG_WARN_ENUM_CONVERSION = YES;
				CLANG_WARN_INFINITE_RECURSION = YES;
				CLANG_WARN_INT_CONVERSION = YES;
				CLANG_WARN_NON_LITERAL_NULL_CONVERSION = YES;
				CLANG_WARN_OBJC_IMPLICIT_RETAIN_SELF = YES;
				CLANG_WARN_OBJC_LITERAL_CONVERSION = YES;
				CLANG_WARN_OBJC_ROOT_CLASS = YES_ERROR;
				CLANG_WARN_RANGE_LOOP_ANALYSIS = YES;
				CLANG_WARN_STRICT_PROTOTYPES = YES;
				CLANG_WARN_SUSPICIOUS_MOVE = YES;
				CLANG_WARN_UNGUARDED_AVAILABILITY = YES_AGGRESSIVE;
				CLANG_WARN_UNREACHABLE_CODE = YES;
				CLANG_WARN__DUPLICATE_METHOD_MATCH = YES;
				CODE_SIGN_IDENTITY = "iPhone Developer";
				COPY_PHASE_STRIP = NO;
				DEBUG_INFORMATION_FORMAT = dwarf;
				ENABLE_STRICT_OBJC_MSGSEND = YES;
				ENABLE_TESTABILITY = YES;
				GCC_C_LANGUAGE_STANDARD = gnu11;
				GCC_DYNAMIC_NO_PIC = NO;
				GCC_NO_COMMON_BLOCKS = YES;
				GCC_OPTIMIZATION_LEVEL = 0;
				GCC_PREPROCESSOR_DEFINITIONS = (
					"DEBUG=1",
					"$(inherited)",
				);
				GCC_WARN_64_TO_32_BIT_CONVERSION = YES;
				GCC_WARN_ABOUT_RETURN_TYPE = YES_ERROR;
				GCC_WARN_UNDECLARED_SELECTOR = YES;
				GCC_WARN_UNINITIALIZED_AUTOS = YES_AGGRESSIVE;
				GCC_WARN_UNUSED_FUNCTION = YES;
				GCC_WARN_UNUSED_VARIABLE = YES;
				IPHONEOS_DEPLOYMENT_TARGET = 12.1;
				MTL_ENABLE_DEBUG_INFO = INCLUDE_SOURCE;
				MTL_FAST_MATH = YES;
				ONLY_ACTIVE_ARCH = YES;
				SDKROOT = iphoneos;
				SWIFT_ACTIVE_COMPILATION_CONDITIONS = DEBUG;
				SWIFT_OPTIMIZATION_LEVEL = "-Onone";
			};
			name = Debug;
		};
		50A9E1B921CAA1EB009EC154 /* Release */ = {
			isa = XCBuildConfiguration;
			buildSettings = {
				ALWAYS_SEARCH_USER_PATHS = NO;
				CLANG_ANALYZER_NONNULL = YES;
				CLANG_ANALYZER_NUMBER_OBJECT_CONVERSION = YES_AGGRESSIVE;
				CLANG_CXX_LANGUAGE_STANDARD = "gnu++14";
				CLANG_CXX_LIBRARY = "libc++";
				CLANG_ENABLE_MODULES = YES;
				CLANG_ENABLE_OBJC_ARC = YES;
				CLANG_ENABLE_OBJC_WEAK = YES;
				CLANG_WARN_BLOCK_CAPTURE_AUTORELEASING = YES;
				CLANG_WARN_BOOL_CONVERSION = YES;
				CLANG_WARN_COMMA = YES;
				CLANG_WARN_CONSTANT_CONVERSION = YES;
				CLANG_WARN_DEPRECATED_OBJC_IMPLEMENTATIONS = YES;
				CLANG_WARN_DIRECT_OBJC_ISA_USAGE = YES_ERROR;
				CLANG_WARN_DOCUMENTATION_COMMENTS = YES;
				CLANG_WARN_EMPTY_BODY = YES;
				CLANG_WARN_ENUM_CONVERSION = YES;
				CLANG_WARN_INFINITE_RECURSION = YES;
				CLANG_WARN_INT_CONVERSION = YES;
				CLANG_WARN_NON_LITERAL_NULL_CONVERSION = YES;
				CLANG_WARN_OBJC_IMPLICIT_RETAIN_SELF = YES;
				CLANG_WARN_OBJC_LITERAL_CONVERSION = YES;
				CLANG_WARN_OBJC_ROOT_CLASS = YES_ERROR;
				CLANG_WARN_RANGE_LOOP_ANALYSIS = YES;
				CLANG_WARN_STRICT_PROTOTYPES = YES;
				CLANG_WARN_SUSPICIOUS_MOVE = YES;
				CLANG_WARN_UNGUARDED_AVAILABILITY = YES_AGGRESSIVE;
				CLANG_WARN_UNREACHABLE_CODE = YES;
				CLANG_WARN__DUPLICATE_METHOD_MATCH = YES;
				CODE_SIGN_IDENTITY = "iPhone Developer";
				COPY_PHASE_STRIP = NO;
				DEBUG_INFORMATION_FORMAT = "dwarf-with-dsym";
				ENABLE_NS_ASSERTIONS = NO;
				ENABLE_STRICT_OBJC_MSGSEND = YES;
				GCC_C_LANGUAGE_STANDARD = gnu11;
				GCC_NO_COMMON_BLOCKS = YES;
				GCC_WARN_64_TO_32_BIT_CONVERSION = YES;
				GCC_WARN_ABOUT_RETURN_TYPE = YES_ERROR;
				GCC_WARN_UNDECLARED_SELECTOR = YES;
				GCC_WARN_UNINITIALIZED_AUTOS = YES_AGGRESSIVE;
				GCC_WARN_UNUSED_FUNCTION = YES;
				GCC_WARN_UNUSED_VARIABLE = YES;
				IPHONEOS_DEPLOYMENT_TARGET = 12.1;
				MTL_ENABLE_DEBUG_INFO = NO;
				MTL_FAST_MATH = YES;
				SDKROOT = iphoneos;
				SWIFT_COMPILATION_MODE = wholemodule;
				SWIFT_OPTIMIZATION_LEVEL = "-O";
				VALIDATE_PRODUCT = YES;
			};
			name = Release;
		};
		50A9E1BB21CAA1EB009EC154 /* Debug */ = {
			isa = XCBuildConfiguration;
			baseConfigurationReference = 97B5AA2B6486D56C0268A628 /* Pods-Fun.debug.xcconfig */;
			buildSettings = {
				ASSETCATALOG_COMPILER_APPICON_NAME = AppIcon;
				CODE_SIGN_STYLE = Automatic;
				DEVELOPMENT_TEAM = HRKB86ZA48;
				INFOPLIST_FILE = Fun/Info.plist;
				LD_RUNPATH_SEARCH_PATHS = (
					"$(inherited)",
					"@executable_path/Frameworks",
				);
				PRODUCT_BUNDLE_IDENTIFIER = com.fun.fun.Fun;
				PRODUCT_NAME = "$(TARGET_NAME)";
				SWIFT_VERSION = 4.2;
				TARGETED_DEVICE_FAMILY = "1,2";
			};
			name = Debug;
		};
		50A9E1BC21CAA1EB009EC154 /* Release */ = {
			isa = XCBuildConfiguration;
			baseConfigurationReference = 38A8290338E217D22EAAFDF1 /* Pods-Fun.release.xcconfig */;
			buildSettings = {
				ASSETCATALOG_COMPILER_APPICON_NAME = AppIcon;
				CODE_SIGN_STYLE = Automatic;
				DEVELOPMENT_TEAM = HRKB86ZA48;
				INFOPLIST_FILE = Fun/Info.plist;
				LD_RUNPATH_SEARCH_PATHS = (
					"$(inherited)",
					"@executable_path/Frameworks",
				);
				PRODUCT_BUNDLE_IDENTIFIER = com.fun.fun.Fun;
				PRODUCT_NAME = "$(TARGET_NAME)";
				SWIFT_VERSION = 4.2;
				TARGETED_DEVICE_FAMILY = "1,2";
			};
			name = Release;
		};
		50A9E1BE21CAA1EB009EC154 /* Debug */ = {
			isa = XCBuildConfiguration;
			baseConfigurationReference = E8F0ED708E482DF32FB1CDF5 /* Pods-FunTests.debug.xcconfig */;
			buildSettings = {
				ALWAYS_EMBED_SWIFT_STANDARD_LIBRARIES = YES;
				BUNDLE_LOADER = "$(TEST_HOST)";
				CODE_SIGN_STYLE = Automatic;
				INFOPLIST_FILE = FunTests/Info.plist;
				LD_RUNPATH_SEARCH_PATHS = (
					"$(inherited)",
					"@executable_path/Frameworks",
					"@loader_path/Frameworks",
				);
				PRODUCT_BUNDLE_IDENTIFIER = com.fun.fun.FunTests;
				PRODUCT_NAME = "$(TARGET_NAME)";
				SWIFT_VERSION = 4.2;
				TARGETED_DEVICE_FAMILY = "1,2";
				TEST_HOST = "$(BUILT_PRODUCTS_DIR)/Fun.app/Fun";
			};
			name = Debug;
		};
		50A9E1BF21CAA1EB009EC154 /* Release */ = {
			isa = XCBuildConfiguration;
			baseConfigurationReference = 717F930C67424DE19E08D95A /* Pods-FunTests.release.xcconfig */;
			buildSettings = {
				ALWAYS_EMBED_SWIFT_STANDARD_LIBRARIES = YES;
				BUNDLE_LOADER = "$(TEST_HOST)";
				CODE_SIGN_STYLE = Automatic;
				INFOPLIST_FILE = FunTests/Info.plist;
				LD_RUNPATH_SEARCH_PATHS = (
					"$(inherited)",
					"@executable_path/Frameworks",
					"@loader_path/Frameworks",
				);
				PRODUCT_BUNDLE_IDENTIFIER = com.fun.fun.FunTests;
				PRODUCT_NAME = "$(TARGET_NAME)";
				SWIFT_VERSION = 4.2;
				TARGETED_DEVICE_FAMILY = "1,2";
				TEST_HOST = "$(BUILT_PRODUCTS_DIR)/Fun.app/Fun";
			};
			name = Release;
		};
		50A9E1C121CAA1EB009EC154 /* Debug */ = {
			isa = XCBuildConfiguration;
			baseConfigurationReference = 4589441F5C511D2BCE5C2ED8 /* Pods-FunUITests.debug.xcconfig */;
			buildSettings = {
				ALWAYS_EMBED_SWIFT_STANDARD_LIBRARIES = YES;
				CODE_SIGN_STYLE = Automatic;
				INFOPLIST_FILE = FunUITests/Info.plist;
				LD_RUNPATH_SEARCH_PATHS = (
					"$(inherited)",
					"@executable_path/Frameworks",
					"@loader_path/Frameworks",
				);
				PRODUCT_BUNDLE_IDENTIFIER = com.fun.fun.FunUITests;
				PRODUCT_NAME = "$(TARGET_NAME)";
				SWIFT_VERSION = 4.2;
				TARGETED_DEVICE_FAMILY = "1,2";
				TEST_TARGET_NAME = Fun;
			};
			name = Debug;
		};
		50A9E1C221CAA1EB009EC154 /* Release */ = {
			isa = XCBuildConfiguration;
			baseConfigurationReference = 84516C7DECF11793C646FD48 /* Pods-FunUITests.release.xcconfig */;
			buildSettings = {
				ALWAYS_EMBED_SWIFT_STANDARD_LIBRARIES = YES;
				CODE_SIGN_STYLE = Automatic;
				INFOPLIST_FILE = FunUITests/Info.plist;
				LD_RUNPATH_SEARCH_PATHS = (
					"$(inherited)",
					"@executable_path/Frameworks",
					"@loader_path/Frameworks",
				);
				PRODUCT_BUNDLE_IDENTIFIER = com.fun.fun.FunUITests;
				PRODUCT_NAME = "$(TARGET_NAME)";
				SWIFT_VERSION = 4.2;
				TARGETED_DEVICE_FAMILY = "1,2";
				TEST_TARGET_NAME = Fun;
			};
			name = Release;
		};
/* End XCBuildConfiguration section */

/* Begin XCConfigurationList section */
		50A9E18D21CAA1E8009EC154 /* Build configuration list for PBXProject "Fun" */ = {
			isa = XCConfigurationList;
			buildConfigurations = (
				50A9E1B821CAA1EB009EC154 /* Debug */,
				50A9E1B921CAA1EB009EC154 /* Release */,
			);
			defaultConfigurationIsVisible = 0;
			defaultConfigurationName = Release;
		};
		50A9E1BA21CAA1EB009EC154 /* Build configuration list for PBXNativeTarget "Fun" */ = {
			isa = XCConfigurationList;
			buildConfigurations = (
				50A9E1BB21CAA1EB009EC154 /* Debug */,
				50A9E1BC21CAA1EB009EC154 /* Release */,
			);
			defaultConfigurationIsVisible = 0;
			defaultConfigurationName = Release;
		};
		50A9E1BD21CAA1EB009EC154 /* Build configuration list for PBXNativeTarget "FunTests" */ = {
			isa = XCConfigurationList;
			buildConfigurations = (
				50A9E1BE21CAA1EB009EC154 /* Debug */,
				50A9E1BF21CAA1EB009EC154 /* Release */,
			);
			defaultConfigurationIsVisible = 0;
			defaultConfigurationName = Release;
		};
		50A9E1C021CAA1EB009EC154 /* Build configuration list for PBXNativeTarget "FunUITests" */ = {
			isa = XCConfigurationList;
			buildConfigurations = (
				50A9E1C121CAA1EB009EC154 /* Debug */,
				50A9E1C221CAA1EB009EC154 /* Release */,
			);
			defaultConfigurationIsVisible = 0;
			defaultConfigurationName = Release;
		};
/* End XCConfigurationList section */
	};
	rootObject = 50A9E18A21CAA1E8009EC154 /* Project object */;
}
